
Microsoft Visual Studio Solution File, Format Version 12.00
# Visual Studio Version 17
VisualStudioVersion = 17.10.35122.118
MinimumVisualStudioVersion = 10.0.40219.1
Project("{9A19103F-16F7-4668-BE54-9A1E7A4F7556}") = "JugSolver", "JugSolver.csproj", "{36714A33-9C21-4B37-8C7D-A98F941E7446}"
EndProject
Global
	GlobalSection(SolutionConfigurationPlatforms) = preSolution
		Debug|Any CPU = Debug|Any CPU
		Release|Any CPU = Release|Any CPU
	EndGlobalSection
	GlobalSection(ProjectConfigurationPlatforms) = postSolution
		{36714A33-9C21-4B37-8C7D-A98F941E7446}.Debug|Any CPU.ActiveCfg = Debug|Any CPU
		{36714A33-9C21-4B37-8C7D-A98F941E7446}.Debug|Any CPU.Build.0 = Debug|Any CPU
		{36714A33-9C21-4B37-8C7D-A98F941E7446}.Release|Any CPU.ActiveCfg = Release|Any CPU
		{36714A33-9C21-4B37-8C7D-A98F941E7446}.Release|Any CPU.Build.0 = Release|Any CPU
	EndGlobalSection
	GlobalSection(SolutionProperties) = preSolution
		HideSolutionNode = FALSE
	EndGlobalSection
	GlobalSection(ExtensibilityGlobals) = postSolution
		SolutionGuid = {BFA33F79-F107-441B-9283-1CDF44C16C0D}
	EndGlobalSection
EndGlobal
